
Microsoft Visual Studio Solution File, Format Version 12.00
# Visual Studio 14
VisualStudioVersion = 14.0.23107.0
MinimumVisualStudioVersion = 10.0.40219.1
Project("{2150E333-8FDC-42A3-9474-1A3956D46DE8}") = "_Solution Items", "_Solution Items", "{4235F771-22AF-4E06-9BF5-426ECD2A98DC}"
	ProjectSection(SolutionItems) = preProject
		Snippets\ApplicationService SingleClass.snippet = Snippets\ApplicationService SingleClass.snippet
		Snippets\ApplicationService.snippet = Snippets\ApplicationService.snippet
	EndProjectSection
EndProject
Project("{FAE04EC0-301F-11D3-BF4B-00C04F79EFBC}") = "ContosoUniversity.Core", "ContosoUniversity.Core\ContosoUniversity.Core.csproj", "{FB76888D-92A9-492B-9297-43969B590219}"
EndProject
Project("{FAE04EC0-301F-11D3-BF4B-00C04F79EFBC}") = "ContosoUniversity.Domain.Core", "ContosoUniversity.Domain.Core\ContosoUniversity.Domain.Core.csproj", "{D0FFC052-CD52-4BB8-8908-9AE3CC5FCAFD}"
EndProject
Project("{FAE04EC0-301F-11D3-BF4B-00C04F79EFBC}") = "ContosoUniversity.Web.Core", "ContosoUniversity.Web.Core\ContosoUniversity.Web.Core.csproj", "{0F18C304-499B-4427-866E-976733DCF783}"
EndProject
Project("{FAE04EC0-301F-11D3-BF4B-00C04F79EFBC}") = "ContosoUniversity.Domain.AppServices", "ContosoUniversity.Domain.AppServices\ContosoUniversity.Domain.AppServices.csproj", "{6257DFE3-FCFB-4E59-BA98-B7C17D0595F2}"
EndProject
Project("{2150E333-8FDC-42A3-9474-1A3956D46DE8}") = "Domain", "Domain", "{6849A222-DB5B-4AB0-B587-0B868EE4D686}"
EndProject
Project("{2150E333-8FDC-42A3-9474-1A3956D46DE8}") = "Web", "Web", "{8A341867-F959-4C34-BF5F-62C2FF1B2EA2}"
EndProject
Project("{2150E333-8FDC-42A3-9474-1A3956D46DE8}") = "_Tests", "_Tests", "{59B718D7-E3FE-4307-9FF7-961EE5F3AF58}"
EndProject
Project("{FAE04EC0-301F-11D3-BF4B-00C04F79EFBC}") = "ContosoUniversity.Domain.AppServices.Tests", "_Tests\ContosoUniversity.Domain.AppServices.Tests\ContosoUniversity.Domain.AppServices.Tests.csproj", "{5AF69D5A-2A1F-40B7-A165-EEE9F4730058}"
EndProject
Project("{FAE04EC0-301F-11D3-BF4B-00C04F79EFBC}") = "ContosoUniversity._TestKit", "_Tests\ContosoUniversity.TestKit\ContosoUniversity._TestKit.csproj", "{5DBE222C-DDB6-48FE-928E-8226851036A4}"
EndProject
Project("{FAE04EC0-301F-11D3-BF4B-00C04F79EFBC}") = "ContosoUniversity.Web.Mvc", "ContosoUniversity.Web.Mvc\ContosoUniversity.Web.Mvc.csproj", "{563A9765-BFF7-4F54-ABEA-A11127007A3C}"
EndProject
Project("{FAE04EC0-301F-11D3-BF4B-00C04F79EFBC}") = "ContosoUniversity.Web.Automation.Tests", "_Tests\ContosoUniversity.Web.Automation.Tests\ContosoUniversity.Web.Automation.Tests.csproj", "{65261C16-D37F-43D6-9BFD-62110C9C1659}"
EndProject
Global
	GlobalSection(SolutionConfigurationPlatforms) = preSolution
		Debug|Any CPU = Debug|Any CPU
		Release|Any CPU = Release|Any CPU
	EndGlobalSection
	GlobalSection(ProjectConfigurationPlatforms) = postSolution
		{FB76888D-92A9-492B-9297-43969B590219}.Debug|Any CPU.ActiveCfg = Debug|Any CPU
		{FB76888D-92A9-492B-9297-43969B590219}.Debug|Any CPU.Build.0 = Debug|Any CPU
		{FB76888D-92A9-492B-9297-43969B590219}.Release|Any CPU.ActiveCfg = Release|Any CPU
		{FB76888D-92A9-492B-9297-43969B590219}.Release|Any CPU.Build.0 = Release|Any CPU
		{D0FFC052-CD52-4BB8-8908-9AE3CC5FCAFD}.Debug|Any CPU.ActiveCfg = Debug|Any CPU
		{D0FFC052-CD52-4BB8-8908-9AE3CC5FCAFD}.Debug|Any CPU.Build.0 = Debug|Any CPU
		{D0FFC052-CD52-4BB8-8908-9AE3CC5FCAFD}.Release|Any CPU.ActiveCfg = Release|Any CPU
		{D0FFC052-CD52-4BB8-8908-9AE3CC5FCAFD}.Release|Any CPU.Build.0 = Release|Any CPU
		{0F18C304-499B-4427-866E-976733DCF783}.Debug|Any CPU.ActiveCfg = Debug|Any CPU
		{0F18C304-499B-4427-866E-976733DCF783}.Debug|Any CPU.Build.0 = Debug|Any CPU
		{0F18C304-499B-4427-866E-976733DCF783}.Release|Any CPU.ActiveCfg = Release|Any CPU
		{0F18C304-499B-4427-866E-976733DCF783}.Release|Any CPU.Build.0 = Release|Any CPU
		{6257DFE3-FCFB-4E59-BA98-B7C17D0595F2}.Debug|Any CPU.ActiveCfg = Debug|Any CPU
		{6257DFE3-FCFB-4E59-BA98-B7C17D0595F2}.Debug|Any CPU.Build.0 = Debug|Any CPU
		{6257DFE3-FCFB-4E59-BA98-B7C17D0595F2}.Release|Any CPU.ActiveCfg = Release|Any CPU
		{6257DFE3-FCFB-4E59-BA98-B7C17D0595F2}.Release|Any CPU.Build.0 = Release|Any CPU
		{5AF69D5A-2A1F-40B7-A165-EEE9F4730058}.Debug|Any CPU.ActiveCfg = Debug|Any CPU
		{5AF69D5A-2A1F-40B7-A165-EEE9F4730058}.Debug|Any CPU.Build.0 = Debug|Any CPU
		{5AF69D5A-2A1F-40B7-A165-EEE9F4730058}.Release|Any CPU.ActiveCfg = Release|Any CPU
		{5AF69D5A-2A1F-40B7-A165-EEE9F4730058}.Release|Any CPU.Build.0 = Release|Any CPU
		{5DBE222C-DDB6-48FE-928E-8226851036A4}.Debug|Any CPU.ActiveCfg = Debug|Any CPU
		{5DBE222C-DDB6-48FE-928E-8226851036A4}.Debug|Any CPU.Build.0 = Debug|Any CPU
		{5DBE222C-DDB6-48FE-928E-8226851036A4}.Release|Any CPU.ActiveCfg = Release|Any CPU
		{5DBE222C-DDB6-48FE-928E-8226851036A4}.Release|Any CPU.Build.0 = Release|Any CPU
		{563A9765-BFF7-4F54-ABEA-A11127007A3C}.Debug|Any CPU.ActiveCfg = Debug|Any CPU
		{563A9765-BFF7-4F54-ABEA-A11127007A3C}.Debug|Any CPU.Build.0 = Debug|Any CPU
		{563A9765-BFF7-4F54-ABEA-A11127007A3C}.Release|Any CPU.ActiveCfg = Release|Any CPU
		{563A9765-BFF7-4F54-ABEA-A11127007A3C}.Release|Any CPU.Build.0 = Release|Any CPU
		{65261C16-D37F-43D6-9BFD-62110C9C1659}.Debug|Any CPU.ActiveCfg = Debug|Any CPU
		{65261C16-D37F-43D6-9BFD-62110C9C1659}.Debug|Any CPU.Build.0 = Debug|Any CPU
		{65261C16-D37F-43D6-9BFD-62110C9C1659}.Release|Any CPU.ActiveCfg = Release|Any CPU
		{65261C16-D37F-43D6-9BFD-62110C9C1659}.Release|Any CPU.Build.0 = Release|Any CPU
	EndGlobalSection
	GlobalSection(SolutionProperties) = preSolution
		HideSolutionNode = FALSE
	EndGlobalSection
	GlobalSection(NestedProjects) = preSolution
		{D0FFC052-CD52-4BB8-8908-9AE3CC5FCAFD} = {6849A222-DB5B-4AB0-B587-0B868EE4D686}
		{0F18C304-499B-4427-866E-976733DCF783} = {8A341867-F959-4C34-BF5F-62C2FF1B2EA2}
		{6257DFE3-FCFB-4E59-BA98-B7C17D0595F2} = {6849A222-DB5B-4AB0-B587-0B868EE4D686}
		{5AF69D5A-2A1F-40B7-A165-EEE9F4730058} = {59B718D7-E3FE-4307-9FF7-961EE5F3AF58}
		{5DBE222C-DDB6-48FE-928E-8226851036A4} = {59B718D7-E3FE-4307-9FF7-961EE5F3AF58}
		{563A9765-BFF7-4F54-ABEA-A11127007A3C} = {8A341867-F959-4C34-BF5F-62C2FF1B2EA2}
		{65261C16-D37F-43D6-9BFD-62110C9C1659} = {59B718D7-E3FE-4307-9FF7-961EE5F3AF58}
	EndGlobalSection
EndGlobal
